// !$*UTF8*$!
{
	archiveVersion = 1;
	classes = {
	};
	objectVersion = 50;
	objects = {

/* Begin PBXBuildFile section */
		11602CBFA2ADF3727F01E685 /* Pods_GitHubUserFetcherTests.framework in Frameworks */ = {isa = PBXBuildFile; fileRef = E66F457B2041C9EEEE5EDA25 /* Pods_GitHubUserFetcherTests.framework */; };
		3AC81AD6743FA093EEF46B05 /* Pods_GitHubUserFetcherUITests.framework in Frameworks */ = {isa = PBXBuildFile; fileRef = 19E45DBBA83859A4641E379C /* Pods_GitHubUserFetcherUITests.framework */; };
		E1BE333E29289BD84C8B93C0 /* Pods_GitHubUserFetcher.framework in Frameworks */ = {isa = PBXBuildFile; fileRef = 5A0E5B566E990804870928B9 /* Pods_GitHubUserFetcher.framework */; };
		EC430E0A21EF67B400726E78 /* AppDelegate.swift in Sources */ = {isa = PBXBuildFile; fileRef = EC430E0921EF67B400726E78 /* AppDelegate.swift */; };
		EC430E1121EF67B400726E78 /* Assets.xcassets in Resources */ = {isa = PBXBuildFile; fileRef = EC430E1021EF67B400726E78 /* Assets.xcassets */; };
		EC430E1421EF67B400726E78 /* LaunchScreen.storyboard in Resources */ = {isa = PBXBuildFile; fileRef = EC430E1221EF67B400726E78 /* LaunchScreen.storyboard */; };
		EC430E1F21EF67B400726E78 /* GitHubUserFetcherTests.swift in Sources */ = {isa = PBXBuildFile; fileRef = EC430E1E21EF67B400726E78 /* GitHubUserFetcherTests.swift */; };
		EC430E2A21EF67B400726E78 /* GitHubUserFetcherUITests.swift in Sources */ = {isa = PBXBuildFile; fileRef = EC430E2921EF67B400726E78 /* GitHubUserFetcherUITests.swift */; };
		EC430E3C21EF691700726E78 /* UsersTableViewController.swift in Sources */ = {isa = PBXBuildFile; fileRef = EC430E3B21EF691700726E78 /* UsersTableViewController.swift */; };
		EC430E3F21EF693C00726E78 /* UsersTableViewController+UITableViewDataSource.swift in Sources */ = {isa = PBXBuildFile; fileRef = EC430E3E21EF693C00726E78 /* UsersTableViewController+UITableViewDataSource.swift */; };
		EC430E4221EF69CA00726E78 /* UsersPresenter.swift in Sources */ = {isa = PBXBuildFile; fileRef = EC430E4121EF69CA00726E78 /* UsersPresenter.swift */; };
		EC61DC5321EF70D900C1D32C /* PrimitiveSequenceType+MapJSON.swift in Sources */ = {isa = PBXBuildFile; fileRef = EC61DC5221EF70D900C1D32C /* PrimitiveSequenceType+MapJSON.swift */; };
		EC61DC5621EF712E00C1D32C /* PrimitiveSequenceType+ThrowErrorOnNilElement.swift in Sources */ = {isa = PBXBuildFile; fileRef = EC61DC5521EF712E00C1D32C /* PrimitiveSequenceType+ThrowErrorOnNilElement.swift */; };
		EC61DC5821EF714400C1D32C /* ObservableType+FilterNil.swift in Sources */ = {isa = PBXBuildFile; fileRef = EC61DC5721EF714400C1D32C /* ObservableType+FilterNil.swift */; };
		EC61DC5C21EF717A00C1D32C /* Error+JSONError.swift in Sources */ = {isa = PBXBuildFile; fileRef = EC61DC5B21EF717A00C1D32C /* Error+JSONError.swift */; };
		EC61DC6021EF71E700C1D32C /* OptionalType.swift in Sources */ = {isa = PBXBuildFile; fileRef = EC61DC5F21EF71E700C1D32C /* OptionalType.swift */; };
		EC61DC6221EF72F300C1D32C /* APIService.swift in Sources */ = {isa = PBXBuildFile; fileRef = EC61DC6121EF72F300C1D32C /* APIService.swift */; };
		EC61DC6421EF731400C1D32C /* APIDecodable.swift in Sources */ = {isa = PBXBuildFile; fileRef = EC61DC6321EF731400C1D32C /* APIDecodable.swift */; };
		EC61DC6621EF734A00C1D32C /* APIService.Users.swift in Sources */ = {isa = PBXBuildFile; fileRef = EC61DC6521EF734A00C1D32C /* APIService.Users.swift */; };
		EC61DC6821EF739B00C1D32C /* DataFetchable.swift in Sources */ = {isa = PBXBuildFile; fileRef = EC61DC6721EF739B00C1D32C /* DataFetchable.swift */; };
		EC61DC6A21EF73EF00C1D32C /* APIService+DataFetchable.swift in Sources */ = {isa = PBXBuildFile; fileRef = EC61DC6921EF73EF00C1D32C /* APIService+DataFetchable.swift */; };
		EC61DC7021EF74DA00C1D32C /* User.swift in Sources */ = {isa = PBXBuildFile; fileRef = EC61DC6F21EF74DA00C1D32C /* User.swift */; };
		EC61DC7321EF7D4000C1D32C /* UserViewModel.swift in Sources */ = {isa = PBXBuildFile; fileRef = EC61DC7221EF7D4000C1D32C /* UserViewModel.swift */; };
/* End PBXBuildFile section */

/* Begin PBXContainerItemProxy section */
		EC430E1B21EF67B400726E78 /* PBXContainerItemProxy */ = {
			isa = PBXContainerItemProxy;
			containerPortal = EC430DFE21EF67B400726E78 /* Project object */;
			proxyType = 1;
			remoteGlobalIDString = EC430E0521EF67B400726E78;
			remoteInfo = GitHubUserFetcher;
		};
		EC430E2621EF67B400726E78 /* PBXContainerItemProxy */ = {
			isa = PBXContainerItemProxy;
			containerPortal = EC430DFE21EF67B400726E78 /* Project object */;
			proxyType = 1;
			remoteGlobalIDString = EC430E0521EF67B400726E78;
			remoteInfo = GitHubUserFetcher;
		};
/* End PBXContainerItemProxy section */

/* Begin PBXFileReference section */
		19E45DBBA83859A4641E379C /* Pods_GitHubUserFetcherUITests.framework */ = {isa = PBXFileReference; explicitFileType = wrapper.framework; includeInIndex = 0; path = Pods_GitHubUserFetcherUITests.framework; sourceTree = BUILT_PRODUCTS_DIR; };
		218E75895B1DAA9CE074D811 /* Pods-GitHubUserFetcherTests.debug.xcconfig */ = {isa = PBXFileReference; includeInIndex = 1; lastKnownFileType = text.xcconfig; name = "Pods-GitHubUserFetcherTests.debug.xcconfig"; path = "Pods/Target Support Files/Pods-GitHubUserFetcherTests/Pods-GitHubUserFetcherTests.debug.xcconfig"; sourceTree = "<group>"; };
		2F0B4B6DAC3E6CB04486AA24 /* Pods-GitHubUserFetcherUITests.debug.xcconfig */ = {isa = PBXFileReference; includeInIndex = 1; lastKnownFileType = text.xcconfig; name = "Pods-GitHubUserFetcherUITests.debug.xcconfig"; path = "Pods/Target Support Files/Pods-GitHubUserFetcherUITests/Pods-GitHubUserFetcherUITests.debug.xcconfig"; sourceTree = "<group>"; };
		46492C946D5218B083AD7478 /* Pods-GitHubUserFetcher.debug.xcconfig */ = {isa = PBXFileReference; includeInIndex = 1; lastKnownFileType = text.xcconfig; name = "Pods-GitHubUserFetcher.debug.xcconfig"; path = "Pods/Target Support Files/Pods-GitHubUserFetcher/Pods-GitHubUserFetcher.debug.xcconfig"; sourceTree = "<group>"; };
		4DCABF4544A267837DEB0D9A /* Pods-GitHubUserFetcherUITests.release.xcconfig */ = {isa = PBXFileReference; includeInIndex = 1; lastKnownFileType = text.xcconfig; name = "Pods-GitHubUserFetcherUITests.release.xcconfig"; path = "Pods/Target Support Files/Pods-GitHubUserFetcherUITests/Pods-GitHubUserFetcherUITests.release.xcconfig"; sourceTree = "<group>"; };
		5A0E5B566E990804870928B9 /* Pods_GitHubUserFetcher.framework */ = {isa = PBXFileReference; explicitFileType = wrapper.framework; includeInIndex = 0; path = Pods_GitHubUserFetcher.framework; sourceTree = BUILT_PRODUCTS_DIR; };
		E66F457B2041C9EEEE5EDA25 /* Pods_GitHubUserFetcherTests.framework */ = {isa = PBXFileReference; explicitFileType = wrapper.framework; includeInIndex = 0; path = Pods_GitHubUserFetcherTests.framework; sourceTree = BUILT_PRODUCTS_DIR; };
		E82E981E193A0EFEDC6D00B3 /* Pods-GitHubUserFetcherTests.release.xcconfig */ = {isa = PBXFileReference; includeInIndex = 1; lastKnownFileType = text.xcconfig; name = "Pods-GitHubUserFetcherTests.release.xcconfig"; path = "Pods/Target Support Files/Pods-GitHubUserFetcherTests/Pods-GitHubUserFetcherTests.release.xcconfig"; sourceTree = "<group>"; };
		EC430E0621EF67B400726E78 /* GitHubUserFetcher.app */ = {isa = PBXFileReference; explicitFileType = wrapper.application; includeInIndex = 0; path = GitHubUserFetcher.app; sourceTree = BUILT_PRODUCTS_DIR; };
		EC430E0921EF67B400726E78 /* AppDelegate.swift */ = {isa = PBXFileReference; lastKnownFileType = sourcecode.swift; path = AppDelegate.swift; sourceTree = "<group>"; };
		EC430E1021EF67B400726E78 /* Assets.xcassets */ = {isa = PBXFileReference; lastKnownFileType = folder.assetcatalog; path = Assets.xcassets; sourceTree = "<group>"; };
		EC430E1321EF67B400726E78 /* Base */ = {isa = PBXFileReference; lastKnownFileType = file.storyboard; name = Base; path = Base.lproj/LaunchScreen.storyboard; sourceTree = "<group>"; };
		EC430E1521EF67B400726E78 /* Info.plist */ = {isa = PBXFileReference; lastKnownFileType = text.plist.xml; path = Info.plist; sourceTree = "<group>"; };
		EC430E1A21EF67B400726E78 /* GitHubUserFetcherTests.xctest */ = {isa = PBXFileReference; explicitFileType = wrapper.cfbundle; includeInIndex = 0; path = GitHubUserFetcherTests.xctest; sourceTree = BUILT_PRODUCTS_DIR; };
		EC430E1E21EF67B400726E78 /* GitHubUserFetcherTests.swift */ = {isa = PBXFileReference; lastKnownFileType = sourcecode.swift; path = GitHubUserFetcherTests.swift; sourceTree = "<group>"; };
		EC430E2021EF67B400726E78 /* Info.plist */ = {isa = PBXFileReference; lastKnownFileType = text.plist.xml; path = Info.plist; sourceTree = "<group>"; };
		EC430E2521EF67B400726E78 /* GitHubUserFetcherUITests.xctest */ = {isa = PBXFileReference; explicitFileType = wrapper.cfbundle; includeInIndex = 0; path = GitHubUserFetcherUITests.xctest; sourceTree = BUILT_PRODUCTS_DIR; };
		EC430E2921EF67B400726E78 /* GitHubUserFetcherUITests.swift */ = {isa = PBXFileReference; lastKnownFileType = sourcecode.swift; path = GitHubUserFetcherUITests.swift; sourceTree = "<group>"; };
		EC430E2B21EF67B400726E78 /* Info.plist */ = {isa = PBXFileReference; lastKnownFileType = text.plist.xml; path = Info.plist; sourceTree = "<group>"; };
		EC430E3B21EF691700726E78 /* UsersTableViewController.swift */ = {isa = PBXFileReference; lastKnownFileType = sourcecode.swift; path = UsersTableViewController.swift; sourceTree = "<group>"; };
		EC430E3E21EF693C00726E78 /* UsersTableViewController+UITableViewDataSource.swift */ = {isa = PBXFileReference; lastKnownFileType = sourcecode.swift; path = "UsersTableViewController+UITableViewDataSource.swift"; sourceTree = "<group>"; };
		EC430E4121EF69CA00726E78 /* UsersPresenter.swift */ = {isa = PBXFileReference; lastKnownFileType = sourcecode.swift; path = UsersPresenter.swift; sourceTree = "<group>"; };
		EC61DC5221EF70D900C1D32C /* PrimitiveSequenceType+MapJSON.swift */ = {isa = PBXFileReference; lastKnownFileType = sourcecode.swift; path = "PrimitiveSequenceType+MapJSON.swift"; sourceTree = "<group>"; };
		EC61DC5521EF712E00C1D32C /* PrimitiveSequenceType+ThrowErrorOnNilElement.swift */ = {isa = PBXFileReference; lastKnownFileType = sourcecode.swift; path = "PrimitiveSequenceType+ThrowErrorOnNilElement.swift"; sourceTree = "<group>"; };
		EC61DC5721EF714400C1D32C /* ObservableType+FilterNil.swift */ = {isa = PBXFileReference; lastKnownFileType = sourcecode.swift; path = "ObservableType+FilterNil.swift"; sourceTree = "<group>"; };
		EC61DC5B21EF717A00C1D32C /* Error+JSONError.swift */ = {isa = PBXFileReference; lastKnownFileType = sourcecode.swift; path = "Error+JSONError.swift"; sourceTree = "<group>"; };
		EC61DC5F21EF71E700C1D32C /* OptionalType.swift */ = {isa = PBXFileReference; lastKnownFileType = sourcecode.swift; path = OptionalType.swift; sourceTree = "<group>"; };
		EC61DC6121EF72F300C1D32C /* APIService.swift */ = {isa = PBXFileReference; lastKnownFileType = sourcecode.swift; path = APIService.swift; sourceTree = "<group>"; };
		EC61DC6321EF731400C1D32C /* APIDecodable.swift */ = {isa = PBXFileReference; lastKnownFileType = sourcecode.swift; path = APIDecodable.swift; sourceTree = "<group>"; };
		EC61DC6521EF734A00C1D32C /* APIService.Users.swift */ = {isa = PBXFileReference; lastKnownFileType = sourcecode.swift; path = APIService.Users.swift; sourceTree = "<group>"; };
		EC61DC6721EF739B00C1D32C /* DataFetchable.swift */ = {isa = PBXFileReference; lastKnownFileType = sourcecode.swift; path = DataFetchable.swift; sourceTree = "<group>"; };
		EC61DC6921EF73EF00C1D32C /* APIService+DataFetchable.swift */ = {isa = PBXFileReference; lastKnownFileType = sourcecode.swift; path = "APIService+DataFetchable.swift"; sourceTree = "<group>"; };
		EC61DC6F21EF74DA00C1D32C /* User.swift */ = {isa = PBXFileReference; lastKnownFileType = sourcecode.swift; path = User.swift; sourceTree = "<group>"; };
		EC61DC7221EF7D4000C1D32C /* UserViewModel.swift */ = {isa = PBXFileReference; lastKnownFileType = sourcecode.swift; path = UserViewModel.swift; sourceTree = "<group>"; };
		EC61DC8821EF938600C1D32C /* UIScrollView+IsButtomReached.swift */ = {isa = PBXFileReference; lastKnownFileType = sourcecode.swift; path = "UIScrollView+IsButtomReached.swift"; sourceTree = "<group>"; };
		FA45EF6BDE31E0488A3F75AE /* Pods-GitHubUserFetcher.release.xcconfig */ = {isa = PBXFileReference; includeInIndex = 1; lastKnownFileType = text.xcconfig; name = "Pods-GitHubUserFetcher.release.xcconfig"; path = "Pods/Target Support Files/Pods-GitHubUserFetcher/Pods-GitHubUserFetcher.release.xcconfig"; sourceTree = "<group>"; };
/* End PBXFileReference section */

/* Begin PBXFrameworksBuildPhase section */
		EC430E0321EF67B400726E78 /* Frameworks */ = {
			isa = PBXFrameworksBuildPhase;
			buildActionMask = 2147483647;
			files = (
				E1BE333E29289BD84C8B93C0 /* Pods_GitHubUserFetcher.framework in Frameworks */,
			);
			runOnlyForDeploymentPostprocessing = 0;
		};
		EC430E1721EF67B400726E78 /* Frameworks */ = {
			isa = PBXFrameworksBuildPhase;
			buildActionMask = 2147483647;
			files = (
				11602CBFA2ADF3727F01E685 /* Pods_GitHubUserFetcherTests.framework in Frameworks */,
			);
			runOnlyForDeploymentPostprocessing = 0;
		};
		EC430E2221EF67B400726E78 /* Frameworks */ = {
			isa = PBXFrameworksBuildPhase;
			buildActionMask = 2147483647;
			files = (
				3AC81AD6743FA093EEF46B05 /* Pods_GitHubUserFetcherUITests.framework in Frameworks */,
			);
			runOnlyForDeploymentPostprocessing = 0;
		};
/* End PBXFrameworksBuildPhase section */

/* Begin PBXGroup section */
		8B5CF0B9096E1D2B04FCF4F6 /* Pods */ = {
			isa = PBXGroup;
			children = (
				46492C946D5218B083AD7478 /* Pods-GitHubUserFetcher.debug.xcconfig */,
				FA45EF6BDE31E0488A3F75AE /* Pods-GitHubUserFetcher.release.xcconfig */,
				218E75895B1DAA9CE074D811 /* Pods-GitHubUserFetcherTests.debug.xcconfig */,
				E82E981E193A0EFEDC6D00B3 /* Pods-GitHubUserFetcherTests.release.xcconfig */,
				2F0B4B6DAC3E6CB04486AA24 /* Pods-GitHubUserFetcherUITests.debug.xcconfig */,
				4DCABF4544A267837DEB0D9A /* Pods-GitHubUserFetcherUITests.release.xcconfig */,
			);
			name = Pods;
			sourceTree = "<group>";
		};
		A6F1F7E21E05FE3949FAFBEB /* Frameworks */ = {
			isa = PBXGroup;
			children = (
				5A0E5B566E990804870928B9 /* Pods_GitHubUserFetcher.framework */,
				E66F457B2041C9EEEE5EDA25 /* Pods_GitHubUserFetcherTests.framework */,
				19E45DBBA83859A4641E379C /* Pods_GitHubUserFetcherUITests.framework */,
			);
			name = Frameworks;
			sourceTree = "<group>";
		};
		EC430DFD21EF67B400726E78 = {
			isa = PBXGroup;
			children = (
				EC61DC4E21EF6F4200C1D32C /* APIService */,
				A6F1F7E21E05FE3949FAFBEB /* Frameworks */,
				EC430E0821EF67B400726E78 /* GitHubUserFetcher */,
				EC430E1D21EF67B400726E78 /* GitHubUserFetcherTests */,
				EC430E2821EF67B400726E78 /* GitHubUserFetcherUITests */,
				EC61DC6B21EF74A800C1D32C /* Model */,
				8B5CF0B9096E1D2B04FCF4F6 /* Pods */,
				EC430E0721EF67B400726E78 /* Products */,
				EC61DC4F21EF6F9100C1D32C /* Utility */,
			);
			sourceTree = "<group>";
		};
		EC430E0721EF67B400726E78 /* Products */ = {
			isa = PBXGroup;
			children = (
				EC430E0621EF67B400726E78 /* GitHubUserFetcher.app */,
				EC430E1A21EF67B400726E78 /* GitHubUserFetcherTests.xctest */,
				EC430E2521EF67B400726E78 /* GitHubUserFetcherUITests.xctest */,
			);
			name = Products;
			sourceTree = "<group>";
		};
		EC430E0821EF67B400726E78 /* GitHubUserFetcher */ = {
			isa = PBXGroup;
			children = (
				EC430E3721EF689E00726E78 /* Module */,
				EC430E0921EF67B400726E78 /* AppDelegate.swift */,
				EC430E1021EF67B400726E78 /* Assets.xcassets */,
				EC430E1221EF67B400726E78 /* LaunchScreen.storyboard */,
				EC430E1521EF67B400726E78 /* Info.plist */,
			);
			path = GitHubUserFetcher;
			sourceTree = "<group>";
		};
		EC430E1D21EF67B400726E78 /* GitHubUserFetcherTests */ = {
			isa = PBXGroup;
			children = (
				EC430E1E21EF67B400726E78 /* GitHubUserFetcherTests.swift */,
				EC430E2021EF67B400726E78 /* Info.plist */,
			);
			path = GitHubUserFetcherTests;
			sourceTree = "<group>";
		};
		EC430E2821EF67B400726E78 /* GitHubUserFetcherUITests */ = {
			isa = PBXGroup;
			children = (
				EC430E2921EF67B400726E78 /* GitHubUserFetcherUITests.swift */,
				EC430E2B21EF67B400726E78 /* Info.plist */,
			);
			path = GitHubUserFetcherUITests;
			sourceTree = "<group>";
		};
		EC430E3721EF689E00726E78 /* Module */ = {
			isa = PBXGroup;
			children = (
				EC430E3821EF68A600726E78 /* Users */,
			);
			path = Module;
			sourceTree = "<group>";
		};
		EC430E3821EF68A600726E78 /* Users */ = {
			isa = PBXGroup;
			children = (
				EC430E4021EF69B700726E78 /* Presenter */,
				EC430E3A21EF68C900726E78 /* DataSource */,
				EC430E3921EF68C500726E78 /* View */,
			);
			path = Users;
			sourceTree = "<group>";
		};
		EC430E3921EF68C500726E78 /* View */ = {
			isa = PBXGroup;
			children = (
				EC430E3B21EF691700726E78 /* UsersTableViewController.swift */,
			);
			path = View;
			sourceTree = "<group>";
		};
		EC430E3A21EF68C900726E78 /* DataSource */ = {
			isa = PBXGroup;
			children = (
				EC430E3E21EF693C00726E78 /* UsersTableViewController+UITableViewDataSource.swift */,
			);
			path = DataSource;
			sourceTree = "<group>";
		};
		EC430E4021EF69B700726E78 /* Presenter */ = {
			isa = PBXGroup;
			children = (
				EC430E4121EF69CA00726E78 /* UsersPresenter.swift */,
			);
			path = Presenter;
			sourceTree = "<group>";
		};
		EC61DC4E21EF6F4200C1D32C /* APIService */ = {
			isa = PBXGroup;
			children = (
				EC61DC6121EF72F300C1D32C /* APIService.swift */,
				EC61DC6521EF734A00C1D32C /* APIService.Users.swift */,
				EC61DC6921EF73EF00C1D32C /* APIService+DataFetchable.swift */,
			);
			path = APIService;
			sourceTree = "<group>";
		};
		EC61DC4F21EF6F9100C1D32C /* Utility */ = {
			isa = PBXGroup;
			children = (
				EC61DC5D21EF71D000C1D32C /* Protocol */,
				EC61DC5021EF6FCB00C1D32C /* Extension */,
			);
			path = Utility;
			sourceTree = "<group>";
		};
		EC61DC5021EF6FCB00C1D32C /* Extension */ = {
			isa = PBXGroup;
			children = (
				EC61DC5921EF716100C1D32C /* Swift */,
				EC61DC5121EF6FDC00C1D32C /* RxSwift */,
			);
			path = Extension;
			sourceTree = "<group>";
		};
		EC61DC5121EF6FDC00C1D32C /* RxSwift */ = {
			isa = PBXGroup;
			children = (
				EC61DC5221EF70D900C1D32C /* PrimitiveSequenceType+MapJSON.swift */,
				EC61DC5521EF712E00C1D32C /* PrimitiveSequenceType+ThrowErrorOnNilElement.swift */,
				EC61DC5721EF714400C1D32C /* ObservableType+FilterNil.swift */,
			);
			path = RxSwift;
			sourceTree = "<group>";
		};
		EC61DC5921EF716100C1D32C /* Swift */ = {
			isa = PBXGroup;
			children = (
				EC61DC5A21EF716600C1D32C /* Error */,
			);
			path = Swift;
			sourceTree = "<group>";
		};
		EC61DC5A21EF716600C1D32C /* Error */ = {
			isa = PBXGroup;
			children = (
				EC61DC5B21EF717A00C1D32C /* Error+JSONError.swift */,
			);
			path = Error;
			sourceTree = "<group>";
		};
		EC61DC5D21EF71D000C1D32C /* Protocol */ = {
			isa = PBXGroup;
			children = (
				EC61DC5F21EF71E700C1D32C /* OptionalType.swift */,
				EC61DC6321EF731400C1D32C /* APIDecodable.swift */,
				EC61DC6721EF739B00C1D32C /* DataFetchable.swift */,
			);
			path = Protocol;
			sourceTree = "<group>";
		};
		EC61DC6B21EF74A800C1D32C /* Model */ = {
			isa = PBXGroup;
			children = (
				EC61DC6C21EF74C200C1D32C /* User */,
			);
			path = Model;
			sourceTree = "<group>";
		};
		EC61DC6C21EF74C200C1D32C /* User */ = {
			isa = PBXGroup;
			children = (
				EC61DC6F21EF74DA00C1D32C /* User.swift */,
			);
			path = User;
			sourceTree = "<group>";
		};
		EC61DC7121EF7C9A00C1D32C /* ViewModel */ = {
			isa = PBXGroup;
			children = (
				EC61DC7221EF7D4000C1D32C /* UserViewModel.swift */,
			);
			path = ViewModel;
			sourceTree = "<group>";
		};
		EC61DC8721EF937B00C1D32C /* UIScrollView */ = {
			isa = PBXGroup;
			children = (
				EC61DC8821EF938600C1D32C /* UIScrollView+IsButtomReached.swift */,
			);
			path = UIScrollView;
			sourceTree = "<group>";
		};
/* End PBXGroup section */

/* Begin PBXNativeTarget section */
		EC430E0521EF67B400726E78 /* GitHubUserFetcher */ = {
			isa = PBXNativeTarget;
			buildConfigurationList = EC430E2E21EF67B400726E78 /* Build configuration list for PBXNativeTarget "GitHubUserFetcher" */;
			buildPhases = (
				1CF52D8A7941132FD6DA1FCA /* [CP] Check Pods Manifest.lock */,
				EC430E0221EF67B400726E78 /* Sources */,
				EC430E0321EF67B400726E78 /* Frameworks */,
				EC430E0421EF67B400726E78 /* Resources */,
				A762A8EACBEA6F54E11B046F /* [CP] Embed Pods Frameworks */,
			);
			buildRules = (
			);
			dependencies = (
			);
			name = GitHubUserFetcher;
			productName = GitHubUserFetcher;
			productReference = EC430E0621EF67B400726E78 /* GitHubUserFetcher.app */;
			productType = "com.apple.product-type.application";
		};
		EC430E1921EF67B400726E78 /* GitHubUserFetcherTests */ = {
			isa = PBXNativeTarget;
			buildConfigurationList = EC430E3121EF67B400726E78 /* Build configuration list for PBXNativeTarget "GitHubUserFetcherTests" */;
			buildPhases = (
				5AEF67AF2AEC9053542BC85A /* [CP] Check Pods Manifest.lock */,
				EC430E1621EF67B400726E78 /* Sources */,
				EC430E1721EF67B400726E78 /* Frameworks */,
				EC430E1821EF67B400726E78 /* Resources */,
				F07849381E0DFA9050AC2E14 /* [CP] Embed Pods Frameworks */,
			);
			buildRules = (
			);
			dependencies = (
				EC430E1C21EF67B400726E78 /* PBXTargetDependency */,
			);
			name = GitHubUserFetcherTests;
			productName = GitHubUserFetcherTests;
			productReference = EC430E1A21EF67B400726E78 /* GitHubUserFetcherTests.xctest */;
			productType = "com.apple.product-type.bundle.unit-test";
		};
		EC430E2421EF67B400726E78 /* GitHubUserFetcherUITests */ = {
			isa = PBXNativeTarget;
			buildConfigurationList = EC430E3421EF67B400726E78 /* Build configuration list for PBXNativeTarget "GitHubUserFetcherUITests" */;
			buildPhases = (
				8AE6D500BA24115F54998104 /* [CP] Check Pods Manifest.lock */,
				EC430E2121EF67B400726E78 /* Sources */,
				EC430E2221EF67B400726E78 /* Frameworks */,
				EC430E2321EF67B400726E78 /* Resources */,
				6805B06A6BE2559D2A9B9441 /* [CP] Embed Pods Frameworks */,
			);
			buildRules = (
			);
			dependencies = (
				EC430E2721EF67B400726E78 /* PBXTargetDependency */,
			);
			name = GitHubUserFetcherUITests;
			productName = GitHubUserFetcherUITests;
			productReference = EC430E2521EF67B400726E78 /* GitHubUserFetcherUITests.xctest */;
			productType = "com.apple.product-type.bundle.ui-testing";
		};
/* End PBXNativeTarget section */

/* Begin PBXProject section */
		EC430DFE21EF67B400726E78 /* Project object */ = {
			isa = PBXProject;
			attributes = {
				LastSwiftUpdateCheck = 1010;
				LastUpgradeCheck = 1010;
				ORGANIZATIONNAME = "Nontapat Siengsanor";
				TargetAttributes = {
					EC430E0521EF67B400726E78 = {
						CreatedOnToolsVersion = 10.1;
					};
					EC430E1921EF67B400726E78 = {
						CreatedOnToolsVersion = 10.1;
						TestTargetID = EC430E0521EF67B400726E78;
					};
					EC430E2421EF67B400726E78 = {
						CreatedOnToolsVersion = 10.1;
						TestTargetID = EC430E0521EF67B400726E78;
					};
				};
			};
			buildConfigurationList = EC430E0121EF67B400726E78 /* Build configuration list for PBXProject "GitHubUserFetcher" */;
			compatibilityVersion = "Xcode 9.3";
			developmentRegion = en;
			hasScannedForEncodings = 0;
			knownRegions = (
				en,
				Base,
			);
			mainGroup = EC430DFD21EF67B400726E78;
			productRefGroup = EC430E0721EF67B400726E78 /* Products */;
			projectDirPath = "";
			projectRoot = "";
			targets = (
				EC430E0521EF67B400726E78 /* GitHubUserFetcher */,
				EC430E1921EF67B400726E78 /* GitHubUserFetcherTests */,
				EC430E2421EF67B400726E78 /* GitHubUserFetcherUITests */,
			);
		};
/* End PBXProject section */

/* Begin PBXResourcesBuildPhase section */
		EC430E0421EF67B400726E78 /* Resources */ = {
			isa = PBXResourcesBuildPhase;
			buildActionMask = 2147483647;
			files = (
				EC430E1421EF67B400726E78 /* LaunchScreen.storyboard in Resources */,
				EC430E1121EF67B400726E78 /* Assets.xcassets in Resources */,
			);
			runOnlyForDeploymentPostprocessing = 0;
		};
		EC430E1821EF67B400726E78 /* Resources */ = {
			isa = PBXResourcesBuildPhase;
			buildActionMask = 2147483647;
			files = (
			);
			runOnlyForDeploymentPostprocessing = 0;
		};
		EC430E2321EF67B400726E78 /* Resources */ = {
			isa = PBXResourcesBuildPhase;
			buildActionMask = 2147483647;
			files = (
			);
			runOnlyForDeploymentPostprocessing = 0;
		};
/* End PBXResourcesBuildPhase section */

/* Begin PBXShellScriptBuildPhase section */
		1CF52D8A7941132FD6DA1FCA /* [CP] Check Pods Manifest.lock */ = {
			isa = PBXShellScriptBuildPhase;
			buildActionMask = 2147483647;
			files = (
			);
			inputPaths = (
				"${PODS_PODFILE_DIR_PATH}/Podfile.lock",
				"${PODS_ROOT}/Manifest.lock",
			);
			name = "[CP] Check Pods Manifest.lock";
			outputPaths = (
				"$(DERIVED_FILE_DIR)/Pods-GitHubUserFetcher-checkManifestLockResult.txt",
			);
			runOnlyForDeploymentPostprocessing = 0;
			shellPath = /bin/sh;
			shellScript = "diff \"${PODS_PODFILE_DIR_PATH}/Podfile.lock\" \"${PODS_ROOT}/Manifest.lock\" > /dev/null\nif [ $? != 0 ] ; then\n    # print error to STDERR\n    echo \"error: The sandbox is not in sync with the Podfile.lock. Run 'pod install' or update your CocoaPods installation.\" >&2\n    exit 1\nfi\n# This output is used by Xcode 'outputs' to avoid re-running this script phase.\necho \"SUCCESS\" > \"${SCRIPT_OUTPUT_FILE_0}\"\n";
			showEnvVarsInLog = 0;
		};
		5AEF67AF2AEC9053542BC85A /* [CP] Check Pods Manifest.lock */ = {
			isa = PBXShellScriptBuildPhase;
			buildActionMask = 2147483647;
			files = (
			);
			inputPaths = (
				"${PODS_PODFILE_DIR_PATH}/Podfile.lock",
				"${PODS_ROOT}/Manifest.lock",
			);
			name = "[CP] Check Pods Manifest.lock";
			outputPaths = (
				"$(DERIVED_FILE_DIR)/Pods-GitHubUserFetcherTests-checkManifestLockResult.txt",
			);
			runOnlyForDeploymentPostprocessing = 0;
			shellPath = /bin/sh;
			shellScript = "diff \"${PODS_PODFILE_DIR_PATH}/Podfile.lock\" \"${PODS_ROOT}/Manifest.lock\" > /dev/null\nif [ $? != 0 ] ; then\n    # print error to STDERR\n    echo \"error: The sandbox is not in sync with the Podfile.lock. Run 'pod install' or update your CocoaPods installation.\" >&2\n    exit 1\nfi\n# This output is used by Xcode 'outputs' to avoid re-running this script phase.\necho \"SUCCESS\" > \"${SCRIPT_OUTPUT_FILE_0}\"\n";
			showEnvVarsInLog = 0;
		};
		6805B06A6BE2559D2A9B9441 /* [CP] Embed Pods Frameworks */ = {
			isa = PBXShellScriptBuildPhase;
			buildActionMask = 2147483647;
			files = (
			);
			inputPaths = (
				"${SRCROOT}/Pods/Target Support Files/Pods-GitHubUserFetcherUITests/Pods-GitHubUserFetcherUITests-frameworks.sh",
				"${BUILT_PRODUCTS_DIR}/RxAtomic/RxAtomic.framework",
				"${BUILT_PRODUCTS_DIR}/RxSwift/RxSwift.framework",
				"${BUILT_PRODUCTS_DIR}/RxBlocking/RxBlocking.framework",
				"${BUILT_PRODUCTS_DIR}/RxTest/RxTest.framework",
			);
			name = "[CP] Embed Pods Frameworks";
			outputPaths = (
				"${TARGET_BUILD_DIR}/${FRAMEWORKS_FOLDER_PATH}/RxAtomic.framework",
				"${TARGET_BUILD_DIR}/${FRAMEWORKS_FOLDER_PATH}/RxSwift.framework",
				"${TARGET_BUILD_DIR}/${FRAMEWORKS_FOLDER_PATH}/RxBlocking.framework",
				"${TARGET_BUILD_DIR}/${FRAMEWORKS_FOLDER_PATH}/RxTest.framework",
			);
			runOnlyForDeploymentPostprocessing = 0;
			shellPath = /bin/sh;
			shellScript = "\"${SRCROOT}/Pods/Target Support Files/Pods-GitHubUserFetcherUITests/Pods-GitHubUserFetcherUITests-frameworks.sh\"\n";
			showEnvVarsInLog = 0;
		};
		8AE6D500BA24115F54998104 /* [CP] Check Pods Manifest.lock */ = {
			isa = PBXShellScriptBuildPhase;
			buildActionMask = 2147483647;
			files = (
			);
			inputPaths = (
				"${PODS_PODFILE_DIR_PATH}/Podfile.lock",
				"${PODS_ROOT}/Manifest.lock",
			);
			name = "[CP] Check Pods Manifest.lock";
			outputPaths = (
				"$(DERIVED_FILE_DIR)/Pods-GitHubUserFetcherUITests-checkManifestLockResult.txt",
			);
			runOnlyForDeploymentPostprocessing = 0;
			shellPath = /bin/sh;
			shellScript = "diff \"${PODS_PODFILE_DIR_PATH}/Podfile.lock\" \"${PODS_ROOT}/Manifest.lock\" > /dev/null\nif [ $? != 0 ] ; then\n    # print error to STDERR\n    echo \"error: The sandbox is not in sync with the Podfile.lock. Run 'pod install' or update your CocoaPods installation.\" >&2\n    exit 1\nfi\n# This output is used by Xcode 'outputs' to avoid re-running this script phase.\necho \"SUCCESS\" > \"${SCRIPT_OUTPUT_FILE_0}\"\n";
			showEnvVarsInLog = 0;
		};
		A762A8EACBEA6F54E11B046F /* [CP] Embed Pods Frameworks */ = {
			isa = PBXShellScriptBuildPhase;
			buildActionMask = 2147483647;
			files = (
			);
			inputPaths = (
				"${SRCROOT}/Pods/Target Support Files/Pods-GitHubUserFetcher/Pods-GitHubUserFetcher-frameworks.sh",
				"${BUILT_PRODUCTS_DIR}/Alamofire/Alamofire.framework",
				"${BUILT_PRODUCTS_DIR}/AlamofireImage/AlamofireImage.framework",
				"${BUILT_PRODUCTS_DIR}/RxAtomic/RxAtomic.framework",
				"${BUILT_PRODUCTS_DIR}/RxCocoa/RxCocoa.framework",
				"${BUILT_PRODUCTS_DIR}/RxSwift/RxSwift.framework",
				"${BUILT_PRODUCTS_DIR}/SnapKit/SnapKit.framework",
			);
			name = "[CP] Embed Pods Frameworks";
			outputPaths = (
				"${TARGET_BUILD_DIR}/${FRAMEWORKS_FOLDER_PATH}/Alamofire.framework",
				"${TARGET_BUILD_DIR}/${FRAMEWORKS_FOLDER_PATH}/AlamofireImage.framework",
				"${TARGET_BUILD_DIR}/${FRAMEWORKS_FOLDER_PATH}/RxAtomic.framework",
				"${TARGET_BUILD_DIR}/${FRAMEWORKS_FOLDER_PATH}/RxCocoa.framework",
				"${TARGET_BUILD_DIR}/${FRAMEWORKS_FOLDER_PATH}/RxSwift.framework",
				"${TARGET_BUILD_DIR}/${FRAMEWORKS_FOLDER_PATH}/SnapKit.framework",
			);
			runOnlyForDeploymentPostprocessing = 0;
			shellPath = /bin/sh;
			shellScript = "\"${SRCROOT}/Pods/Target Support Files/Pods-GitHubUserFetcher/Pods-GitHubUserFetcher-frameworks.sh\"\n";
			showEnvVarsInLog = 0;
		};
		F07849381E0DFA9050AC2E14 /* [CP] Embed Pods Frameworks */ = {
			isa = PBXShellScriptBuildPhase;
			buildActionMask = 2147483647;
			files = (
			);
			inputPaths = (
				"${SRCROOT}/Pods/Target Support Files/Pods-GitHubUserFetcherTests/Pods-GitHubUserFetcherTests-frameworks.sh",
				"${BUILT_PRODUCTS_DIR}/RxAtomic/RxAtomic.framework",
				"${BUILT_PRODUCTS_DIR}/RxSwift/RxSwift.framework",
				"${BUILT_PRODUCTS_DIR}/RxBlocking/RxBlocking.framework",
				"${BUILT_PRODUCTS_DIR}/RxTest/RxTest.framework",
			);
			name = "[CP] Embed Pods Frameworks";
			outputPaths = (
				"${TARGET_BUILD_DIR}/${FRAMEWORKS_FOLDER_PATH}/RxAtomic.framework",
				"${TARGET_BUILD_DIR}/${FRAMEWORKS_FOLDER_PATH}/RxSwift.framework",
				"${TARGET_BUILD_DIR}/${FRAMEWORKS_FOLDER_PATH}/RxBlocking.framework",
				"${TARGET_BUILD_DIR}/${FRAMEWORKS_FOLDER_PATH}/RxTest.framework",
			);
			runOnlyForDeploymentPostprocessing = 0;
			shellPath = /bin/sh;
			shellScript = "\"${SRCROOT}/Pods/Target Support Files/Pods-GitHubUserFetcherTests/Pods-GitHubUserFetcherTests-frameworks.sh\"\n";
			showEnvVarsInLog = 0;
		};
/* End PBXShellScriptBuildPhase section */

/* Begin PBXSourcesBuildPhase section */
		EC430E0221EF67B400726E78 /* Sources */ = {
			isa = PBXSourcesBuildPhase;
			buildActionMask = 2147483647;
			files = (
				EC430E4221EF69CA00726E78 /* UsersPresenter.swift in Sources */,
				EC61DC5C21EF717A00C1D32C /* Error+JSONError.swift in Sources */,
				EC61DC5821EF714400C1D32C /* ObservableType+FilterNil.swift in Sources */,
				EC430E0A21EF67B400726E78 /* AppDelegate.swift in Sources */,
				EC61DC5321EF70D900C1D32C /* PrimitiveSequenceType+MapJSON.swift in Sources */,
				EC61DC6421EF731400C1D32C /* APIDecodable.swift in Sources */,
				EC430E3F21EF693C00726E78 /* UsersTableViewController+UITableViewDataSource.swift in Sources */,
				EC61DC8921EF938600C1D32C /* UIScrollView+IsButtomReached.swift in Sources */,
				EC61DC6221EF72F300C1D32C /* APIService.swift in Sources */,
				EC61DC7021EF74DA00C1D32C /* User.swift in Sources */,
				EC61DC7321EF7D4000C1D32C /* UserViewModel.swift in Sources */,
				EC61DC6621EF734A00C1D32C /* APIService.Users.swift in Sources */,
				EC61DC6821EF739B00C1D32C /* DataFetchable.swift in Sources */,
				EC61DC6021EF71E700C1D32C /* OptionalType.swift in Sources */,
				EC61DC6A21EF73EF00C1D32C /* APIService+DataFetchable.swift in Sources */,
				EC61DC5621EF712E00C1D32C /* PrimitiveSequenceType+ThrowErrorOnNilElement.swift in Sources */,
				EC430E3C21EF691700726E78 /* UsersTableViewController.swift in Sources */,
			);
			runOnlyForDeploymentPostprocessing = 0;
		};
		EC430E1621EF67B400726E78 /* Sources */ = {
			isa = PBXSourcesBuildPhase;
			buildActionMask = 2147483647;
			files = (
				EC430E1F21EF67B400726E78 /* GitHubUserFetcherTests.swift in Sources */,
			);
			runOnlyForDeploymentPostprocessing = 0;
		};
		EC430E2121EF67B400726E78 /* Sources */ = {
			isa = PBXSourcesBuildPhase;
			buildActionMask = 2147483647;
			files = (
				EC430E2A21EF67B400726E78 /* GitHubUserFetcherUITests.swift in Sources */,
			);
			runOnlyForDeploymentPostprocessing = 0;
		};
/* End PBXSourcesBuildPhase section */

/* Begin PBXTargetDependency section */
		EC430E1C21EF67B400726E78 /* PBXTargetDependency */ = {
			isa = PBXTargetDependency;
			target = EC430E0521EF67B400726E78 /* GitHubUserFetcher */;
			targetProxy = EC430E1B21EF67B400726E78 /* PBXContainerItemProxy */;
		};
		EC430E2721EF67B400726E78 /* PBXTargetDependency */ = {
			isa = PBXTargetDependency;
			target = EC430E0521EF67B400726E78 /* GitHubUserFetcher */;
			targetProxy = EC430E2621EF67B400726E78 /* PBXContainerItemProxy */;
		};
/* End PBXTargetDependency section */

/* Begin PBXVariantGroup section */
		EC430E1221EF67B400726E78 /* LaunchScreen.storyboard */ = {
			isa = PBXVariantGroup;
			children = (
				EC430E1321EF67B400726E78 /* Base */,
			);
			name = LaunchScreen.storyboard;
			sourceTree = "<group>";
		};
/* End PBXVariantGroup section */

/* Begin XCBuildConfiguration section */
		EC430E2C21EF67B400726E78 /* Debug */ = {
			isa = XCBuildConfiguration;
			buildSettings = {
				ALWAYS_SEARCH_USER_PATHS = NO;
				CLANG_ANALYZER_NONNULL = YES;
				CLANG_ANALYZER_NUMBER_OBJECT_CONVERSION = YES_AGGRESSIVE;
				CLANG_CXX_LANGUAGE_STANDARD = "gnu++14";
				CLANG_CXX_LIBRARY = "libc++";
				CLANG_ENABLE_MODULES = YES;
				CLANG_ENABLE_OBJC_ARC = YES;
				CLANG_ENABLE_OBJC_WEAK = YES;
				CLANG_WARN_BLOCK_CAPTURE_AUTORELEASING = YES;
				CLANG_WARN_BOOL_CONVERSION = YES;
				CLANG_WARN_COMMA = YES;
				CLANG_WARN_CONSTANT_CONVERSION = YES;
				CLANG_WARN_DEPRECATED_OBJC_IMPLEMENTATIONS = YES;
				CLANG_WARN_DIRECT_OBJC_ISA_USAGE = YES_ERROR;
				CLANG_WARN_DOCUMENTATION_COMMENTS = YES;
				CLANG_WARN_EMPTY_BODY = YES;
				CLANG_WARN_ENUM_CONVERSION = YES;
				CLANG_WARN_INFINITE_RECURSION = YES;
				CLANG_WARN_INT_CONVERSION = YES;
				CLANG_WARN_NON_LITERAL_NULL_CONVERSION = YES;
				CLANG_WARN_OBJC_IMPLICIT_RETAIN_SELF = YES;
				CLANG_WARN_OBJC_LITERAL_CONVERSION = YES;
				CLANG_WARN_OBJC_ROOT_CLASS = YES_ERROR;
				CLANG_WARN_RANGE_LOOP_ANALYSIS = YES;
				CLANG_WARN_STRICT_PROTOTYPES = YES;
				CLANG_WARN_SUSPICIOUS_MOVE = YES;
				CLANG_WARN_UNGUARDED_AVAILABILITY = YES_AGGRESSIVE;
				CLANG_WARN_UNREACHABLE_CODE = YES;
				CLANG_WARN__DUPLICATE_METHOD_MATCH = YES;
				CODE_SIGN_IDENTITY = "iPhone Developer";
				COPY_PHASE_STRIP = NO;
				DEBUG_INFORMATION_FORMAT = dwarf;
				ENABLE_STRICT_OBJC_MSGSEND = YES;
				ENABLE_TESTABILITY = YES;
				GCC_C_LANGUAGE_STANDARD = gnu11;
				GCC_DYNAMIC_NO_PIC = NO;
				GCC_NO_COMMON_BLOCKS = YES;
				GCC_OPTIMIZATION_LEVEL = 0;
				GCC_PREPROCESSOR_DEFINITIONS = (
					"DEBUG=1",
					"$(inherited)",
				);
				GCC_WARN_64_TO_32_BIT_CONVERSION = YES;
				GCC_WARN_ABOUT_RETURN_TYPE = YES_ERROR;
				GCC_WARN_UNDECLARED_SELECTOR = YES;
				GCC_WARN_UNINITIALIZED_AUTOS = YES_AGGRESSIVE;
				GCC_WARN_UNUSED_FUNCTION = YES;
				GCC_WARN_UNUSED_VARIABLE = YES;
				IPHONEOS_DEPLOYMENT_TARGET = 12.1;
				MTL_ENABLE_DEBUG_INFO = INCLUDE_SOURCE;
				MTL_FAST_MATH = YES;
				ONLY_ACTIVE_ARCH = YES;
				SDKROOT = iphoneos;
				SWIFT_ACTIVE_COMPILATION_CONDITIONS = DEBUG;
				SWIFT_OPTIMIZATION_LEVEL = "-Onone";
			};
			name = Debug;
		};
		EC430E2D21EF67B400726E78 /* Release */ = {
			isa = XCBuildConfiguration;
			buildSettings = {
				ALWAYS_SEARCH_USER_PATHS = NO;
				CLANG_ANALYZER_NONNULL = YES;
				CLANG_ANALYZER_NUMBER_OBJECT_CONVERSION = YES_AGGRESSIVE;
				CLANG_CXX_LANGUAGE_STANDARD = "gnu++14";
				CLANG_CXX_LIBRARY = "libc++";
				CLANG_ENABLE_MODULES = YES;
				CLANG_ENABLE_OBJC_ARC = YES;
				CLANG_ENABLE_OBJC_WEAK = YES;
				CLANG_WARN_BLOCK_CAPTURE_AUTORELEASING = YES;
				CLANG_WARN_BOOL_CONVERSION = YES;
				CLANG_WARN_COMMA = YES;
				CLANG_WARN_CONSTANT_CONVERSION = YES;
				CLANG_WARN_DEPRECATED_OBJC_IMPLEMENTATIONS = YES;
				CLANG_WARN_DIRECT_OBJC_ISA_USAGE = YES_ERROR;
				CLANG_WARN_DOCUMENTATION_COMMENTS = YES;
				CLANG_WARN_EMPTY_BODY = YES;
				CLANG_WARN_ENUM_CONVERSION = YES;
				CLANG_WARN_INFINITE_RECURSION = YES;
				CLANG_WARN_INT_CONVERSION = YES;
				CLANG_WARN_NON_LITERAL_NULL_CONVERSION = YES;
				CLANG_WARN_OBJC_IMPLICIT_RETAIN_SELF = YES;
				CLANG_WARN_OBJC_LITERAL_CONVERSION = YES;
				CLANG_WARN_OBJC_ROOT_CLASS = YES_ERROR;
				CLANG_WARN_RANGE_LOOP_ANALYSIS = YES;
				CLANG_WARN_STRICT_PROTOTYPES = YES;
				CLANG_WARN_SUSPICIOUS_MOVE = YES;
				CLANG_WARN_UNGUARDED_AVAILABILITY = YES_AGGRESSIVE;
				CLANG_WARN_UNREACHABLE_CODE = YES;
				CLANG_WARN__DUPLICATE_METHOD_MATCH = YES;
				CODE_SIGN_IDENTITY = "iPhone Developer";
				COPY_PHASE_STRIP = NO;
				DEBUG_INFORMATION_FORMAT = "dwarf-with-dsym";
				ENABLE_NS_ASSERTIONS = NO;
				ENABLE_STRICT_OBJC_MSGSEND = YES;
				GCC_C_LANGUAGE_STANDARD = gnu11;
				GCC_NO_COMMON_BLOCKS = YES;
				GCC_WARN_64_TO_32_BIT_CONVERSION = YES;
				GCC_WARN_ABOUT_RETURN_TYPE = YES_ERROR;
				GCC_WARN_UNDECLARED_SELECTOR = YES;
				GCC_WARN_UNINITIALIZED_AUTOS = YES_AGGRESSIVE;
				GCC_WARN_UNUSED_FUNCTION = YES;
				GCC_WARN_UNUSED_VARIABLE = YES;
				IPHONEOS_DEPLOYMENT_TARGET = 12.1;
				MTL_ENABLE_DEBUG_INFO = NO;
				MTL_FAST_MATH = YES;
				SDKROOT = iphoneos;
				SWIFT_COMPILATION_MODE = wholemodule;
				SWIFT_OPTIMIZATION_LEVEL = "-O";
				VALIDATE_PRODUCT = YES;
			};
			name = Release;
		};
		EC430E2F21EF67B400726E78 /* Debug */ = {
			isa = XCBuildConfiguration;
			baseConfigurationReference = 46492C946D5218B083AD7478 /* Pods-GitHubUserFetcher.debug.xcconfig */;
			buildSettings = {
				ASSETCATALOG_COMPILER_APPICON_NAME = AppIcon;
				CODE_SIGN_STYLE = Automatic;
				INFOPLIST_FILE = GitHubUserFetcher/Info.plist;
				LD_RUNPATH_SEARCH_PATHS = (
					"$(inherited)",
					"@executable_path/Frameworks",
				);
				PRODUCT_BUNDLE_IDENTIFIER = siengnonta.GitHubUserFetcher;
				PRODUCT_NAME = "$(TARGET_NAME)";
				SWIFT_VERSION = 4.2;
				TARGETED_DEVICE_FAMILY = "1,2";
			};
			name = Debug;
		};
		EC430E3021EF67B400726E78 /* Release */ = {
			isa = XCBuildConfiguration;
			baseConfigurationReference = FA45EF6BDE31E0488A3F75AE /* Pods-GitHubUserFetcher.release.xcconfig */;
			buildSettings = {
				ASSETCATALOG_COMPILER_APPICON_NAME = AppIcon;
				CODE_SIGN_STYLE = Automatic;
				INFOPLIST_FILE = GitHubUserFetcher/Info.plist;
				LD_RUNPATH_SEARCH_PATHS = (
					"$(inherited)",
					"@executable_path/Frameworks",
				);
				PRODUCT_BUNDLE_IDENTIFIER = siengnonta.GitHubUserFetcher;
				PRODUCT_NAME = "$(TARGET_NAME)";
				SWIFT_VERSION = 4.2;
				TARGETED_DEVICE_FAMILY = "1,2";
			};
			name = Release;
		};
		EC430E3221EF67B400726E78 /* Debug */ = {
			isa = XCBuildConfiguration;
			baseConfigurationReference = 218E75895B1DAA9CE074D811 /* Pods-GitHubUserFetcherTests.debug.xcconfig */;
			buildSettings = {
				ALWAYS_EMBED_SWIFT_STANDARD_LIBRARIES = YES;
				BUNDLE_LOADER = "$(TEST_HOST)";
				CODE_SIGN_STYLE = Automatic;
				INFOPLIST_FILE = GitHubUserFetcherTests/Info.plist;
				LD_RUNPATH_SEARCH_PATHS = (
					"$(inherited)",
					"@executable_path/Frameworks",
					"@loader_path/Frameworks",
				);
				PRODUCT_BUNDLE_IDENTIFIER = siengnonta.GitHubUserFetcherTests;
				PRODUCT_NAME = "$(TARGET_NAME)";
				SWIFT_VERSION = 4.2;
				TARGETED_DEVICE_FAMILY = "1,2";
				TEST_HOST = "$(BUILT_PRODUCTS_DIR)/GitHubUserFetcher.app/GitHubUserFetcher";
			};
			name = Debug;
		};
		EC430E3321EF67B400726E78 /* Release */ = {
			isa = XCBuildConfiguration;
			baseConfigurationReference = E82E981E193A0EFEDC6D00B3 /* Pods-GitHubUserFetcherTests.release.xcconfig */;
			buildSettings = {
				ALWAYS_EMBED_SWIFT_STANDARD_LIBRARIES = YES;
				BUNDLE_LOADER = "$(TEST_HOST)";
				CODE_SIGN_STYLE = Automatic;
				INFOPLIST_FILE = GitHubUserFetcherTests/Info.plist;
				LD_RUNPATH_SEARCH_PATHS = (
					"$(inherited)",
					"@executable_path/Frameworks",
					"@loader_path/Frameworks",
				);
				PRODUCT_BUNDLE_IDENTIFIER = siengnonta.GitHubUserFetcherTests;
				PRODUCT_NAME = "$(TARGET_NAME)";
				SWIFT_VERSION = 4.2;
				TARGETED_DEVICE_FAMILY = "1,2";
				TEST_HOST = "$(BUILT_PRODUCTS_DIR)/GitHubUserFetcher.app/GitHubUserFetcher";
			};
			name = Release;
		};
		EC430E3521EF67B400726E78 /* Debug */ = {
			isa = XCBuildConfiguration;
			baseConfigurationReference = 2F0B4B6DAC3E6CB04486AA24 /* Pods-GitHubUserFetcherUITests.debug.xcconfig */;
			buildSettings = {
				ALWAYS_EMBED_SWIFT_STANDARD_LIBRARIES = YES;
				CODE_SIGN_STYLE = Automatic;
				INFOPLIST_FILE = GitHubUserFetcherUITests/Info.plist;
				LD_RUNPATH_SEARCH_PATHS = (
					"$(inherited)",
					"@executable_path/Frameworks",
					"@loader_path/Frameworks",
				);
				PRODUCT_BUNDLE_IDENTIFIER = siengnonta.GitHubUserFetcherUITests;
				PRODUCT_NAME = "$(TARGET_NAME)";
				SWIFT_VERSION = 4.2;
				TARGETED_DEVICE_FAMILY = "1,2";
				TEST_TARGET_NAME = GitHubUserFetcher;
			};
			name = Debug;
		};
		EC430E3621EF67B400726E78 /* Release */ = {
			isa = XCBuildConfiguration;
			baseConfigurationReference = 4DCABF4544A267837DEB0D9A /* Pods-GitHubUserFetcherUITests.release.xcconfig */;
			buildSettings = {
				ALWAYS_EMBED_SWIFT_STANDARD_LIBRARIES = YES;
				CODE_SIGN_STYLE = Automatic;
				INFOPLIST_FILE = GitHubUserFetcherUITests/Info.plist;
				LD_RUNPATH_SEARCH_PATHS = (
					"$(inherited)",
					"@executable_path/Frameworks",
					"@loader_path/Frameworks",
				);
				PRODUCT_BUNDLE_IDENTIFIER = siengnonta.GitHubUserFetcherUITests;
				PRODUCT_NAME = "$(TARGET_NAME)";
				SWIFT_VERSION = 4.2;
				TARGETED_DEVICE_FAMILY = "1,2";
				TEST_TARGET_NAME = GitHubUserFetcher;
			};
			name = Release;
		};
/* End XCBuildConfiguration section */

/* Begin XCConfigurationList section */
		EC430E0121EF67B400726E78 /* Build configuration list for PBXProject "GitHubUserFetcher" */ = {
			isa = XCConfigurationList;
			buildConfigurations = (
				EC430E2C21EF67B400726E78 /* Debug */,
				EC430E2D21EF67B400726E78 /* Release */,
			);
			defaultConfigurationIsVisible = 0;
			defaultConfigurationName = Release;
		};
		EC430E2E21EF67B400726E78 /* Build configuration list for PBXNativeTarget "GitHubUserFetcher" */ = {
			isa = XCConfigurationList;
			buildConfigurations = (
				EC430E2F21EF67B400726E78 /* Debug */,
				EC430E3021EF67B400726E78 /* Release */,
			);
			defaultConfigurationIsVisible = 0;
			defaultConfigurationName = Release;
		};
		EC430E3121EF67B400726E78 /* Build configuration list for PBXNativeTarget "GitHubUserFetcherTests" */ = {
			isa = XCConfigurationList;
			buildConfigurations = (
				EC430E3221EF67B400726E78 /* Debug */,
				EC430E3321EF67B400726E78 /* Release */,
			);
			defaultConfigurationIsVisible = 0;
			defaultConfigurationName = Release;
		};
		EC430E3421EF67B400726E78 /* Build configuration list for PBXNativeTarget "GitHubUserFetcherUITests" */ = {
			isa = XCConfigurationList;
			buildConfigurations = (
				EC430E3521EF67B400726E78 /* Debug */,
				EC430E3621EF67B400726E78 /* Release */,
			);
			defaultConfigurationIsVisible = 0;
			defaultConfigurationName = Release;
		};
/* End XCConfigurationList section */
	};
	rootObject = EC430DFE21EF67B400726E78 /* Project object */;
}
